
Microsoft Visual Studio Solution File, Format Version 12.00
# Visual Studio Version 17
VisualStudioVersion = 17.8.34330.188
MinimumVisualStudioVersion = 10.0.40219.1
Project("{FAE04EC0-301F-11D3-BF4B-00C04F79EFBC}") = "Redes", "Redes\Redes.csproj", "{CD5548EE-86CC-4F65-8572-B50A81A9B4CA}"
EndProject
Global
	GlobalSection(SolutionConfigurationPlatforms) = preSolution
		Debug|Any CPU = Debug|Any CPU
		Release|Any CPU = Release|Any CPU
	EndGlobalSection
	GlobalSection(ProjectConfigurationPlatforms) = postSolution
		{CD5548EE-86CC-4F65-8572-B50A81A9B4CA}.Debug|Any CPU.ActiveCfg = Debug|Any CPU
		{CD5548EE-86CC-4F65-8572-B50A81A9B4CA}.Debug|Any CPU.Build.0 = Debug|Any CPU
		{CD5548EE-86CC-4F65-8572-B50A81A9B4CA}.Release|Any CPU.ActiveCfg = Release|Any CPU
		{CD5548EE-86CC-4F65-8572-B50A81A9B4CA}.Release|Any CPU.Build.0 = Release|Any CPU
	EndGlobalSection
	GlobalSection(SolutionProperties) = preSolution
		HideSolutionNode = FALSE
	EndGlobalSection
	GlobalSection(ExtensibilityGlobals) = postSolution
		SolutionGuid = {8BE9A948-F49A-40DD-A6DC-7B6B2972E4CE}
	EndGlobalSection
EndGlobal
